{
    "_readme": [
        "This file locks the dependencies of your project to a known state",
        "Read more about it at http://getcomposer.org/doc/01-basic-usage.md#composer-lock-the-lock-file",
        "This file is @generated automatically"
    ],
    "hash": "127317fcba14690101961a613c3b3b64",
    "packages": [
        {
            "name": "google/apiclient",
            "version": "1.0.6-beta",
            "source": {
                "type": "git",
                "url": "https://github.com/google/google-api-php-client.git",
                "reference": "a41a9dc0662e36420030eaab802dbb1f85459479"
            },
            "dist": {
                "type": "zip",
                "url": "https://api.github.com/repos/google/google-api-php-client/zipball/a41a9dc0662e36420030eaab802dbb1f85459479",
                "reference": "a41a9dc0662e36420030eaab802dbb1f85459479",
                "shasum": ""
            },
            "require": {
                "php": ">=5.2.1"
            },
            "require-dev": {
                "phpunit/phpunit": "3.7.*"
            },
            "type": "library",
            "extra": {
                "branch-alias": {
                    "dev-master": "1.0.x-dev"
                }
            },
            "autoload": {
                "classmap": [
                    "src/"
                ]
            },
            "notification-url": "https://packagist.org/downloads/",
            "include-path": [
                "src/"
            ],
            "license": [
                "Apache-2.0"
            ],
            "description": "Client library for Google APIs",
            "homepage": "http://developers.google.com/api-client-library/php",
            "keywords": [
                "google"
            ],
            "time": "2014-09-30 19:33:59"
        },
        {
            "name": "graylog2/gelf-php",
            "version": "1.1.1",
            "source": {
                "type": "git",
                "url": "https://github.com/bzikarsky/gelf-php.git",
                "reference": "b6f306e1b36b718aaf03b59563f4d6389e92cead"
            },
            "dist": {
                "type": "zip",
                "url": "https://api.github.com/repos/bzikarsky/gelf-php/zipball/b6f306e1b36b718aaf03b59563f4d6389e92cead",
                "reference": "b6f306e1b36b718aaf03b59563f4d6389e92cead",
                "shasum": ""
            },
            "require": {
                "php": "~5.3",
                "psr/log": "~1.0"
            },
            "require-dev": {
                "phpunit/phpunit": "~4.3",
                "squizlabs/php_codesniffer": "~1.5"
            },
            "type": "library",
            "autoload": {
                "psr-4": {
                    "Gelf\\": "src/Gelf"
                }
            },
            "notification-url": "https://packagist.org/downloads/",
            "license": [
                "MIT"
            ],
            "authors": [
                {
                    "name": "Benjamin Zikarsky",
                    "email": "benjamin@zikarsky.de"
                }
            ],
            "description": "A php implementation to send log-messages to a GELF compatible backend like Graylog2.",
            "time": "2014-10-23 05:32:34"
        },
        {
            "name": "mailchimp/mailchimp",
            "version": "2.0.6",
            "source": {
                "type": "hg",
                "url": "https://bitbucket.org/mailchimp/mailchimp-api-php",
                "reference": "7ac99b5ac746d5875c5c350ad7e3b83674c83ec1"
            },
            "dist": {
                "type": "zip",
                "url": "https://bitbucket.org/mailchimp/mailchimp-api-php/get/7ac99b5ac746d5875c5c350ad7e3b83674c83ec1.zip",
                "reference": "7ac99b5ac746d5875c5c350ad7e3b83674c83ec1",
                "shasum": ""
            },
            "require": {
                "php": ">=5.2.0"
            },
            "require-dev": {
                "apigen/apigen": "dev-master"
            },
            "type": "library",
            "autoload": {
                "psr-0": {
                    "Mailchimp": "src/"
                }
            },
            "license": [
                "MIT"
            ],
            "authors": [
                {
                    "name": "MailChimp Devs",
                    "email": "api@mailchimp.com",
                    "homepage": "http://mailchimp.com",
                    "role": "Developer"
                }
            ],
            "description": "API client library for the MailChimp bulk email as a service platform",
            "homepage": "https://bitbucket.org/mailchimp/mailchimp-api-php",
            "keywords": [
                "api",
                "email"
            ],
            "time": "2014-10-30 20:38:12"
        },
        {
            "name": "psr/log",
            "version": "1.0.0",
            "source": {
                "type": "git",
                "url": "https://github.com/php-fig/log.git",
                "reference": "fe0936ee26643249e916849d48e3a51d5f5e278b"
            },
            "dist": {
                "type": "zip",
                "url": "https://api.github.com/repos/php-fig/log/zipball/fe0936ee26643249e916849d48e3a51d5f5e278b",
                "reference": "fe0936ee26643249e916849d48e3a51d5f5e278b",
                "shasum": ""
            },
            "type": "library",
            "autoload": {
                "psr-0": {
                    "Psr\\Log\\": ""
                }
            },
            "notification-url": "https://packagist.org/downloads/",
            "license": [
                "MIT"
            ],
            "authors": [
                {
                    "name": "PHP-FIG",
                    "homepage": "http://www.php-fig.org/"
                }
            ],
            "description": "Common interface for logging libraries",
            "keywords": [
                "log",
                "psr",
                "psr-3"
            ],
            "time": "2012-12-21 11:40:51"
        },
        {
            "name": "raven/raven",
            "version": "dev-master",
            "source": {
                "type": "git",
                "url": "https://github.com/getsentry/raven-php.git",
                "reference": "ca8bbc628f5b29c9c66fb9547cf17e2806ce9b0f"
            },
            "dist": {
                "type": "zip",
                "url": "https://api.github.com/repos/getsentry/raven-php/zipball/ca8bbc628f5b29c9c66fb9547cf17e2806ce9b0f",
                "reference": "ca8bbc628f5b29c9c66fb9547cf17e2806ce9b0f",
                "shasum": ""
            },
            "require": {
                "php": ">=5.2.4"
            },
            "require-dev": {
                "phpunit/phpunit": "3.7.*"
            },
            "bin": [
                "bin/raven"
            ],
            "type": "library",
            "extra": {
                "branch-alias": {
                    "dev-master": "0.8.x-dev"
                }
            },
            "autoload": {
                "psr-0": {
                    "Raven_": "lib/"
                }
            },
            "notification-url": "https://packagist.org/downloads/",
            "license": [
                "BSD"
            ],
            "authors": [
                {
                    "name": "David Cramer",
                    "email": "dcramer@gmail.com"
                }
            ],
            "description": "A PHP client for Sentry (http://getsentry.com)",
            "homepage": "http://getsentry.com",
            "keywords": [
                "log",
                "logging"
            ],
            "time": "2014-10-27 15:24:47"
        },
        {
            "name": "tqn/cache-queue",
            "version": "dev-master",
            "source": {
                "type": "git",
                "url": "https://github.com/tquensen/CacheQueueCore.git",
                "reference": "c4ee7f28ed76e5b9ae00a67505e15d294f7cddf2"
            },
            "dist": {
                "type": "zip",
                "url": "https://api.github.com/repos/tquensen/CacheQueueCore/zipball/c4ee7f28ed76e5b9ae00a67505e15d294f7cddf2",
                "reference": "c4ee7f28ed76e5b9ae00a67505e15d294f7cddf2",
                "shasum": ""
            },
            "type": "library",
            "autoload": {
                "psr-4": {
                    "CacheQueue\\": "CacheQueue"
                }
            },
            "authors": [
                {
                    "name": "Thomas Quensen",
                    "email": "tquensen@gmail.com"
                }
            ],
            "description": "CacheQueue Lib",
            "support": {
                "source": "https://github.com/tquensen/CacheQueueCore/tree/master",
                "issues": "https://github.com/tquensen/CacheQueueCore/issues"
            },
            "time": "2014-11-14 10:13:36"
        }
    ],
    "packages-dev": [

    ],
    "aliases": [

    ],
    "minimum-stability": "stable",
    "stability-flags": {
        "tqn/cache-queue": 20,
        "raven/raven": 20,
        "google/apiclient": 20
    },
    "prefer-stable": false,
    "platform": [

    ],
    "platform-dev": [

    ]
}
